
Microsoft Visual Studio Solution File, Format Version 12.00
# Visual Studio Version 16
VisualStudioVersion = 16.0.30011.22
MinimumVisualStudioVersion = 10.0.40219.1
Project("{9A19103F-16F7-4668-BE54-9A1E7A4F7556}") = "COVIDSafe.Watch.DummyBackend", "COVIDSafe.Watch.DummyBackend\COVIDSafe.Watch.DummyBackend.csproj", "{7FAF91EC-7D4F-4EE6-99A3-23EA7F69F012}"
EndProject
Project("{FAE04EC0-301F-11D3-BF4B-00C04F79EFBC}") = "COVIDSafe.Watch.DummyBackend.Tests", "COVIDSafe.Watch.DummyBackend.Tests\COVIDSafe.Watch.DummyBackend.Tests.csproj", "{510F6D66-929E-45A3-A059-2007649AF131}"
EndProject
Global
	GlobalSection(SolutionConfigurationPlatforms) = preSolution
		Debug|Any CPU = Debug|Any CPU
		Release|Any CPU = Release|Any CPU
	EndGlobalSection
	GlobalSection(ProjectConfigurationPlatforms) = postSolution
		{7FAF91EC-7D4F-4EE6-99A3-23EA7F69F012}.Debug|Any CPU.ActiveCfg = Debug|Any CPU
		{7FAF91EC-7D4F-4EE6-99A3-23EA7F69F012}.Debug|Any CPU.Build.0 = Debug|Any CPU
		{7FAF91EC-7D4F-4EE6-99A3-23EA7F69F012}.Release|Any CPU.ActiveCfg = Release|Any CPU
		{7FAF91EC-7D4F-4EE6-99A3-23EA7F69F012}.Release|Any CPU.Build.0 = Release|Any CPU
		{510F6D66-929E-45A3-A059-2007649AF131}.Debug|Any CPU.ActiveCfg = Debug|Any CPU
		{510F6D66-929E-45A3-A059-2007649AF131}.Debug|Any CPU.Build.0 = Debug|Any CPU
		{510F6D66-929E-45A3-A059-2007649AF131}.Release|Any CPU.ActiveCfg = Release|Any CPU
		{510F6D66-929E-45A3-A059-2007649AF131}.Release|Any CPU.Build.0 = Release|Any CPU
	EndGlobalSection
	GlobalSection(SolutionProperties) = preSolution
		HideSolutionNode = FALSE
	EndGlobalSection
	GlobalSection(ExtensibilityGlobals) = postSolution
		SolutionGuid = {FEA462D3-7F15-4953-A7EF-F27C1303C15B}
	EndGlobalSection
EndGlobal
